# THIS IS AN AUTOGENERATED FILE. DO NOT EDIT THIS FILE DIRECTLY.
# yarn lockfile v1


"@prettier/plugin-ruby@^4.0.4":
  version "4.0.4"
  resolved "https://registry.yarnpkg.com/@prettier/plugin-ruby/-/plugin-ruby-4.0.4.tgz#73d85fc2a1731a3f62b57ac3116cf1c234027cb6"
  integrity sha512-lCpvfS/dQU5WrwN3AQ5vR8qrvj2h5gE41X08NNzAAXvHdM4zwwGRcP2sHSxfu6n6No+ljWCVx95NvJPFTTjCTg==

jinx-rust@0.1.6:
  version "0.1.6"
  resolved "https://registry.yarnpkg.com/jinx-rust/-/jinx-rust-0.1.6.tgz#c7bce55d97bfbad76a9b930c01fe6a8629a170d7"
  integrity sha512-qP+wtQL1PrDDFwtPKhNGtjWOmijCrKdfUHWTV2G/ikxfjrh+cjdvkQTmny9RAsVF0jiui9m+F0INWu4cuRcZeQ==

prettier-plugin-rust@^0.1.9:
  version "0.1.9"
  resolved "https://registry.yarnpkg.com/prettier-plugin-rust/-/prettier-plugin-rust-0.1.9.tgz#1a93b035743fa02a006b4980a1035a260ea9e501"
  integrity sha512-n1DTTJQaHMdnoG/+nKUvBm3EKsMVWsYES2UPCiOPiZdBrmuAO/pX++m7L3+Hz3uuhtddpH0HRKHB2F3jbtJBOQ==
  dependencies:
    jinx-rust "0.1.6"
    prettier "^2.7.1"

prettier@3.1.1:
  version "3.1.1"
  resolved "https://registry.yarnpkg.com/prettier/-/prettier-3.1.1.tgz#6ba9f23165d690b6cbdaa88cb0807278f7019848"
  integrity sha512-22UbSzg8luF4UuZtzgiUOfcGM8s4tjBv6dJRT7j275NXsy2jb4aJa4NNveul5x4eqlF1wuhuR2RElK71RvmVaw==

prettier@^2.7.1:
  version "2.8.8"
  resolved "https://registry.yarnpkg.com/prettier/-/prettier-2.8.8.tgz#e8c5d7e98a4305ffe3de2e1fc4aca1a71c28b1da"
  integrity sha512-tdN8qQGvNjw4CHbY+XXk0JgCXn9QiF21a55rBe5LJAU+kDyC4WQn4+awm2Xfk2lQMk5fKup9XgzTZtGkjBdP9Q==
